
Microsoft Visual Studio Solution File, Format Version 12.00
# Visual Studio 15
VisualStudioVersion = 15.0.28307.1972
MinimumVisualStudioVersion = 10.0.40219.1
Project("{FAE04EC0-301F-11D3-BF4B-00C04F79EFBC}") = "DataBaseLibrary", "DataBaseLibrary\DataBaseLibrary.csproj", "{D7AE5F50-292A-4CD6-BEFC-D78245F65105}"
EndProject
Global
	GlobalSection(SolutionConfigurationPlatforms) = preSolution
		Debug|Any CPU = Debug|Any CPU
		Release|Any CPU = Release|Any CPU
	EndGlobalSection
	GlobalSection(ProjectConfigurationPlatforms) = postSolution
		{D7AE5F50-292A-4CD6-BEFC-D78245F65105}.Debug|Any CPU.ActiveCfg = Debug|Any CPU
		{D7AE5F50-292A-4CD6-BEFC-D78245F65105}.Debug|Any CPU.Build.0 = Debug|Any CPU
		{D7AE5F50-292A-4CD6-BEFC-D78245F65105}.Release|Any CPU.ActiveCfg = Release|Any CPU
		{D7AE5F50-292A-4CD6-BEFC-D78245F65105}.Release|Any CPU.Build.0 = Release|Any CPU
	EndGlobalSection
	GlobalSection(SolutionProperties) = preSolution
		HideSolutionNode = FALSE
	EndGlobalSection
	GlobalSection(ExtensibilityGlobals) = postSolution
		SolutionGuid = {DC750C65-A2E4-48D6-A50C-C3713A93E88B}
	EndGlobalSection
EndGlobal
